
Microsoft Visual Studio Solution File, Format Version 12.00
# Visual Studio Version 17
VisualStudioVersion = 17.5.002.0
MinimumVisualStudioVersion = 10.0.40219.1
Project("{9A19103F-16F7-4668-BE54-9A1E7A4F7556}") = "EnginMarshall", "EnginMarshall\EnginMarshall.csproj", "{C86AB082-E13E-4434-8BD9-DBCD4117BB00}"
EndProject
Global
	GlobalSection(SolutionConfigurationPlatforms) = preSolution
		Debug|Any CPU = Debug|Any CPU
		Release|Any CPU = Release|Any CPU
	EndGlobalSection
	GlobalSection(ProjectConfigurationPlatforms) = postSolution
		{C86AB082-E13E-4434-8BD9-DBCD4117BB00}.Debug|Any CPU.ActiveCfg = Debug|Any CPU
		{C86AB082-E13E-4434-8BD9-DBCD4117BB00}.Debug|Any CPU.Build.0 = Debug|Any CPU
		{C86AB082-E13E-4434-8BD9-DBCD4117BB00}.Release|Any CPU.ActiveCfg = Release|Any CPU
		{C86AB082-E13E-4434-8BD9-DBCD4117BB00}.Release|Any CPU.Build.0 = Release|Any CPU
	EndGlobalSection
	GlobalSection(SolutionProperties) = preSolution
		HideSolutionNode = FALSE
	EndGlobalSection
	GlobalSection(ExtensibilityGlobals) = postSolution
		SolutionGuid = {65F9336F-3304-4F31-B1CF-1D5B189B1944}
	EndGlobalSection
EndGlobal
